// !$*UTF8*$!
{
	archiveVersion = 1;
	classes = {
	};
	objectVersion = 50;
	objects = {

/* Begin PBXBuildFile section */
		13420B91264115DD001682E3 /* AppDelegate.swift in Sources */ = {isa = PBXBuildFile; fileRef = 13420B90264115DD001682E3 /* AppDelegate.swift */; };
		13420B93264115DD001682E3 /* SceneDelegate.swift in Sources */ = {isa = PBXBuildFile; fileRef = 13420B92264115DD001682E3 /* SceneDelegate.swift */; };
		13420B95264115DD001682E3 /* ViewController.swift in Sources */ = {isa = PBXBuildFile; fileRef = 13420B94264115DD001682E3 /* ViewController.swift */; };
		13420B98264115DD001682E3 /* Main.storyboard in Resources */ = {isa = PBXBuildFile; fileRef = 13420B96264115DD001682E3 /* Main.storyboard */; };
		13420B9A264115E4001682E3 /* Assets.xcassets in Resources */ = {isa = PBXBuildFile; fileRef = 13420B99264115E4001682E3 /* Assets.xcassets */; };
		13420B9D264115E4001682E3 /* LaunchScreen.storyboard in Resources */ = {isa = PBXBuildFile; fileRef = 13420B9B264115E4001682E3 /* LaunchScreen.storyboard */; };
		13420BA726411C47001682E3 /* CircleButton.swift in Sources */ = {isa = PBXBuildFile; fileRef = 13420BA626411C47001682E3 /* CircleButton.swift */; };
		5A04F6A91F8A787C6B3709EE /* Pods_calc.framework in Frameworks */ = {isa = PBXBuildFile; fileRef = 77C4E83FCD4C8CD7A0AB83F8 /* Pods_calc.framework */; };
/* End PBXBuildFile section */

/* Begin PBXFileReference section */
		13420B8D264115DD001682E3 /* calc.app */ = {isa = PBXFileReference; explicitFileType = wrapper.application; includeInIndex = 0; path = calc.app; sourceTree = BUILT_PRODUCTS_DIR; };
		13420B90264115DD001682E3 /* AppDelegate.swift */ = {isa = PBXFileReference; lastKnownFileType = sourcecode.swift; path = AppDelegate.swift; sourceTree = "<group>"; };
		13420B92264115DD001682E3 /* SceneDelegate.swift */ = {isa = PBXFileReference; lastKnownFileType = sourcecode.swift; path = SceneDelegate.swift; sourceTree = "<group>"; };
		13420B94264115DD001682E3 /* ViewController.swift */ = {isa = PBXFileReference; lastKnownFileType = sourcecode.swift; path = ViewController.swift; sourceTree = "<group>"; };
		13420B97264115DD001682E3 /* Base */ = {isa = PBXFileReference; lastKnownFileType = file.storyboard; name = Base; path = Base.lproj/Main.storyboard; sourceTree = "<group>"; };
		13420B99264115E4001682E3 /* Assets.xcassets */ = {isa = PBXFileReference; lastKnownFileType = folder.assetcatalog; path = Assets.xcassets; sourceTree = "<group>"; };
		13420B9C264115E4001682E3 /* Base */ = {isa = PBXFileReference; lastKnownFileType = file.storyboard; name = Base; path = Base.lproj/LaunchScreen.storyboard; sourceTree = "<group>"; };
		13420B9E264115E4001682E3 /* Info.plist */ = {isa = PBXFileReference; lastKnownFileType = text.plist.xml; path = Info.plist; sourceTree = "<group>"; };
		13420BA626411C47001682E3 /* CircleButton.swift */ = {isa = PBXFileReference; lastKnownFileType = sourcecode.swift; path = CircleButton.swift; sourceTree = "<group>"; };
		77C4E83FCD4C8CD7A0AB83F8 /* Pods_calc.framework */ = {isa = PBXFileReference; explicitFileType = wrapper.framework; includeInIndex = 0; path = Pods_calc.framework; sourceTree = BUILT_PRODUCTS_DIR; };
		99327FE56A5A72A887186244 /* Pods-calc.debug.xcconfig */ = {isa = PBXFileReference; includeInIndex = 1; lastKnownFileType = text.xcconfig; name = "Pods-calc.debug.xcconfig"; path = "Target Support Files/Pods-calc/Pods-calc.debug.xcconfig"; sourceTree = "<group>"; };
		AF6F0BB449BAD82ECCC0BA68 /* Pods-calc.release.xcconfig */ = {isa = PBXFileReference; includeInIndex = 1; lastKnownFileType = text.xcconfig; name = "Pods-calc.release.xcconfig"; path = "Target Support Files/Pods-calc/Pods-calc.release.xcconfig"; sourceTree = "<group>"; };
/* End PBXFileReference section */

/* Begin PBXFrameworksBuildPhase section */
		13420B8A264115DD001682E3 /* Frameworks */ = {
			isa = PBXFrameworksBuildPhase;
			buildActionMask = 2147483647;
			files = (
				5A04F6A91F8A787C6B3709EE /* Pods_calc.framework in Frameworks */,
			);
			runOnlyForDeploymentPostprocessing = 0;
		};
/* End PBXFrameworksBuildPhase section */

/* Begin PBXGroup section */
		13420B84264115DD001682E3 = {
			isa = PBXGroup;
			children = (
				13420B8F264115DD001682E3 /* calc */,
				13420B8E264115DD001682E3 /* Products */,
				B363C222C7A7116ABEB985AC /* Pods */,
				620C9C9144C691C42991FC93 /* Frameworks */,
			);
			sourceTree = "<group>";
		};
		13420B8E264115DD001682E3 /* Products */ = {
			isa = PBXGroup;
			children = (
				13420B8D264115DD001682E3 /* calc.app */,
			);
			name = Products;
			sourceTree = "<group>";
		};
		13420B8F264115DD001682E3 /* calc */ = {
			isa = PBXGroup;
			children = (
				13420B90264115DD001682E3 /* AppDelegate.swift */,
				13420B92264115DD001682E3 /* SceneDelegate.swift */,
				13420B94264115DD001682E3 /* ViewController.swift */,
				13420B96264115DD001682E3 /* Main.storyboard */,
				13420BA626411C47001682E3 /* CircleButton.swift */,
				13420B99264115E4001682E3 /* Assets.xcassets */,
				13420B9B264115E4001682E3 /* LaunchScreen.storyboard */,
				13420B9E264115E4001682E3 /* Info.plist */,
			);
			path = calc;
			sourceTree = "<group>";
		};
		620C9C9144C691C42991FC93 /* Frameworks */ = {
			isa = PBXGroup;
			children = (
				77C4E83FCD4C8CD7A0AB83F8 /* Pods_calc.framework */,
			);
			name = Frameworks;
			sourceTree = "<group>";
		};
		B363C222C7A7116ABEB985AC /* Pods */ = {
			isa = PBXGroup;
			children = (
				99327FE56A5A72A887186244 /* Pods-calc.debug.xcconfig */,
				AF6F0BB449BAD82ECCC0BA68 /* Pods-calc.release.xcconfig */,
			);
			name = Pods;
			path = Pods;
			sourceTree = "<group>";
		};
/* End PBXGroup section */

/* Begin PBXNativeTarget section */
		13420B8C264115DD001682E3 /* calc */ = {
			isa = PBXNativeTarget;
			buildConfigurationList = 13420BA1264115E4001682E3 /* Build configuration list for PBXNativeTarget "calc" */;
			buildPhases = (
				686C28F84687F821B7383994 /* [CP] Check Pods Manifest.lock */,
				13420B89264115DD001682E3 /* Sources */,
				13420B8A264115DD001682E3 /* Frameworks */,
				13420B8B264115DD001682E3 /* Resources */,
			);
			buildRules = (
			);
			dependencies = (
			);
			name = calc;
			productName = calc;
			productReference = 13420B8D264115DD001682E3 /* calc.app */;
			productType = "com.apple.product-type.application";
		};
/* End PBXNativeTarget section */

/* Begin PBXProject section */
		13420B85264115DD001682E3 /* Project object */ = {
			isa = PBXProject;
			attributes = {
				LastSwiftUpdateCheck = 1240;
				LastUpgradeCheck = 1240;
				TargetAttributes = {
					13420B8C264115DD001682E3 = {
						CreatedOnToolsVersion = 12.4;
					};
				};
			};
			buildConfigurationList = 13420B88264115DD001682E3 /* Build configuration list for PBXProject "calc" */;
			compatibilityVersion = "Xcode 9.3";
			developmentRegion = en;
			hasScannedForEncodings = 0;
			knownRegions = (
				en,
				Base,
			);
			mainGroup = 13420B84264115DD001682E3;
			productRefGroup = 13420B8E264115DD001682E3 /* Products */;
			projectDirPath = "";
			projectRoot = "";
			targets = (
				13420B8C264115DD001682E3 /* calc */,
			);
		};
/* End PBXProject section */

/* Begin PBXResourcesBuildPhase section */
		13420B8B264115DD001682E3 /* Resources */ = {
			isa = PBXResourcesBuildPhase;
			buildActionMask = 2147483647;
			files = (
				13420B9D264115E4001682E3 /* LaunchScreen.storyboard in Resources */,
				13420B9A264115E4001682E3 /* Assets.xcassets in Resources */,
				13420B98264115DD001682E3 /* Main.storyboard in Resources */,
			);
			runOnlyForDeploymentPostprocessing = 0;
		};
/* End PBXResourcesBuildPhase section */

/* Begin PBXShellScriptBuildPhase section */
		686C28F84687F821B7383994 /* [CP] Check Pods Manifest.lock */ = {
			isa = PBXShellScriptBuildPhase;
			buildActionMask = 2147483647;
			files = (
			);
			inputFileListPaths = (
			);
			inputPaths = (
				"${PODS_PODFILE_DIR_PATH}/Podfile.lock",
				"${PODS_ROOT}/Manifest.lock",
			);
			name = "[CP] Check Pods Manifest.lock";
			outputFileListPaths = (
			);
			outputPaths = (
				"$(DERIVED_FILE_DIR)/Pods-calc-checkManifestLockResult.txt",
			);
			runOnlyForDeploymentPostprocessing = 0;
			shellPath = /bin/sh;
			shellScript = "diff \"${PODS_PODFILE_DIR_PATH}/Podfile.lock\" \"${PODS_ROOT}/Manifest.lock\" > /dev/null\nif [ $? != 0 ] ; then\n    # print error to STDERR\n    echo \"error: The sandbox is not in sync with the Podfile.lock. Run 'pod install' or update your CocoaPods installation.\" >&2\n    exit 1\nfi\n# This output is used by Xcode 'outputs' to avoid re-running this script phase.\necho \"SUCCESS\" > \"${SCRIPT_OUTPUT_FILE_0}\"\n";
			showEnvVarsInLog = 0;
		};
/* End PBXShellScriptBuildPhase section */

/* Begin PBXSourcesBuildPhase section */
		13420B89264115DD001682E3 /* Sources */ = {
			isa = PBXSourcesBuildPhase;
			buildActionMask = 2147483647;
			files = (
				13420B95264115DD001682E3 /* ViewController.swift in Sources */,
				13420B91264115DD001682E3 /* AppDelegate.swift in Sources */,
				13420B93264115DD001682E3 /* SceneDelegate.swift in Sources */,
				13420BA726411C47001682E3 /* CircleButton.swift in Sources */,
			);
			runOnlyForDeploymentPostprocessing = 0;
		};
/* End PBXSourcesBuildPhase section */

/* Begin PBXVariantGroup section */
		13420B96264115DD001682E3 /* Main.storyboard */ = {
			isa = PBXVariantGroup;
			children = (
				13420B97264115DD001682E3 /* Base */,
			);
			name = Main.storyboard;
			sourceTree = "<group>";
		};
		13420B9B264115E4001682E3 /* LaunchScreen.storyboard */ = {
			isa = PBXVariantGroup;
			children = (
				13420B9C264115E4001682E3 /* Base */,
			);
			name = LaunchScreen.storyboard;
			sourceTree = "<group>";
		};
/* End PBXVariantGroup section */

/* Begin XCBuildConfiguration section */
		13420B9F264115E4001682E3 /* Debug */ = {
			isa = XCBuildConfiguration;
			buildSettings = {
				ALWAYS_SEARCH_USER_PATHS = NO;
				CLANG_ANALYZER_NONNULL = YES;
				CLANG_ANALYZER_NUMBER_OBJECT_CONVERSION = YES_AGGRESSIVE;
				CLANG_CXX_LANGUAGE_STANDARD = "gnu++14";
				CLANG_CXX_LIBRARY = "libc++";
				CLANG_ENABLE_MODULES = YES;
				CLANG_ENABLE_OBJC_ARC = YES;
				CLANG_ENABLE_OBJC_WEAK = YES;
				CLANG_WARN_BLOCK_CAPTURE_AUTORELEASING = YES;
				CLANG_WARN_BOOL_CONVERSION = YES;
				CLANG_WARN_COMMA = YES;
				CLANG_WARN_CONSTANT_CONVERSION = YES;
				CLANG_WARN_DEPRECATED_OBJC_IMPLEMENTATIONS = YES;
				CLANG_WARN_DIRECT_OBJC_ISA_USAGE = YES_ERROR;
				CLANG_WARN_DOCUMENTATION_COMMENTS = YES;
				CLANG_WARN_EMPTY_BODY = YES;
				CLANG_WARN_ENUM_CONVERSION = YES;
				CLANG_WARN_INFINITE_RECURSION = YES;
				CLANG_WARN_INT_CONVERSION = YES;
				CLANG_WARN_NON_LITERAL_NULL_CONVERSION = YES;
				CLANG_WARN_OBJC_IMPLICIT_RETAIN_SELF = YES;
				CLANG_WARN_OBJC_LITERAL_CONVERSION = YES;
				CLANG_WARN_OBJC_ROOT_CLASS = YES_ERROR;
				CLANG_WARN_QUOTED_INCLUDE_IN_FRAMEWORK_HEADER = YES;
				CLANG_WARN_RANGE_LOOP_ANALYSIS = YES;
				CLANG_WARN_STRICT_PROTOTYPES = YES;
				CLANG_WARN_SUSPICIOUS_MOVE = YES;
				CLANG_WARN_UNGUARDED_AVAILABILITY = YES_AGGRESSIVE;
				CLANG_WARN_UNREACHABLE_CODE = YES;
				CLANG_WARN__DUPLICATE_METHOD_MATCH = YES;
				COPY_PHASE_STRIP = NO;
				DEBUG_INFORMATION_FORMAT = dwarf;
				ENABLE_STRICT_OBJC_MSGSEND = YES;
				ENABLE_TESTABILITY = YES;
				GCC_C_LANGUAGE_STANDARD = gnu11;
				GCC_DYNAMIC_NO_PIC = NO;
				GCC_NO_COMMON_BLOCKS = YES;
				GCC_OPTIMIZATION_LEVEL = 0;
				GCC_PREPROCESSOR_DEFINITIONS = (
					"DEBUG=1",
					"$(inherited)",
				);
				GCC_WARN_64_TO_32_BIT_CONVERSION = YES;
				GCC_WARN_ABOUT_RETURN_TYPE = YES_ERROR;
				GCC_WARN_UNDECLARED_SELECTOR = YES;
				GCC_WARN_UNINITIALIZED_AUTOS = YES_AGGRESSIVE;
				GCC_WARN_UNUSED_FUNCTION = YES;
				GCC_WARN_UNUSED_VARIABLE = YES;
				IPHONEOS_DEPLOYMENT_TARGET = 14.4;
				MTL_ENABLE_DEBUG_INFO = INCLUDE_SOURCE;
				MTL_FAST_MATH = YES;
				ONLY_ACTIVE_ARCH = YES;
				SDKROOT = iphoneos;
				SWIFT_ACTIVE_COMPILATION_CONDITIONS = DEBUG;
				SWIFT_OPTIMIZATION_LEVEL = "-Onone";
			};
			name = Debug;
		};
		13420BA0264115E4001682E3 /* Release */ = {
			isa = XCBuildConfiguration;
			buildSettings = {
				ALWAYS_SEARCH_USER_PATHS = NO;
				CLANG_ANALYZER_NONNULL = YES;
				CLANG_ANALYZER_NUMBER_OBJECT_CONVERSION = YES_AGGRESSIVE;
				CLANG_CXX_LANGUAGE_STANDARD = "gnu++14";
				CLANG_CXX_LIBRARY = "libc++";
				CLANG_ENABLE_MODULES = YES;
				CLANG_ENABLE_OBJC_ARC = YES;
				CLANG_ENABLE_OBJC_WEAK = YES;
				CLANG_WARN_BLOCK_CAPTURE_AUTORELEASING = YES;
				CLANG_WARN_BOOL_CONVERSION = YES;
				CLANG_WARN_COMMA = YES;
				CLANG_WARN_CONSTANT_CONVERSION = YES;
				CLANG_WARN_DEPRECATED_OBJC_IMPLEMENTATIONS = YES;
				CLANG_WARN_DIRECT_OBJC_ISA_USAGE = YES_ERROR;
				CLANG_WARN_DOCUMENTATION_COMMENTS = YES;
				CLANG_WARN_EMPTY_BODY = YES;
				CLANG_WARN_ENUM_CONVERSION = YES;
				CLANG_WARN_INFINITE_RECURSION = YES;
				CLANG_WARN_INT_CONVERSION = YES;
				CLANG_WARN_NON_LITERAL_NULL_CONVERSION = YES;
				CLANG_WARN_OBJC_IMPLICIT_RETAIN_SELF = YES;
				CLANG_WARN_OBJC_LITERAL_CONVERSION = YES;
				CLANG_WARN_OBJC_ROOT_CLASS = YES_ERROR;
				CLANG_WARN_QUOTED_INCLUDE_IN_FRAMEWORK_HEADER = YES;
				CLANG_WARN_RANGE_LOOP_ANALYSIS = YES;
				CLANG_WARN_STRICT_PROTOTYPES = YES;
				CLANG_WARN_SUSPICIOUS_MOVE = YES;
				CLANG_WARN_UNGUARDED_AVAILABILITY = YES_AGGRESSIVE;
				CLANG_WARN_UNREACHABLE_CODE = YES;
				CLANG_WARN__DUPLICATE_METHOD_MATCH = YES;
				COPY_PHASE_STRIP = NO;
				DEBUG_INFORMATION_FORMAT = "dwarf-with-dsym";
				ENABLE_NS_ASSERTIONS = NO;
				ENABLE_STRICT_OBJC_MSGSEND = YES;
				GCC_C_LANGUAGE_STANDARD = gnu11;
				GCC_NO_COMMON_BLOCKS = YES;
				GCC_WARN_64_TO_32_BIT_CONVERSION = YES;
				GCC_WARN_ABOUT_RETURN_TYPE = YES_ERROR;
				GCC_WARN_UNDECLARED_SELECTOR = YES;
				GCC_WARN_UNINITIALIZED_AUTOS = YES_AGGRESSIVE;
				GCC_WARN_UNUSED_FUNCTION = YES;
				GCC_WARN_UNUSED_VARIABLE = YES;
				IPHONEOS_DEPLOYMENT_TARGET = 14.4;
				MTL_ENABLE_DEBUG_INFO = NO;
				MTL_FAST_MATH = YES;
				SDKROOT = iphoneos;
				SWIFT_COMPILATION_MODE = wholemodule;
				SWIFT_OPTIMIZATION_LEVEL = "-O";
				VALIDATE_PRODUCT = YES;
			};
			name = Release;
		};
		13420BA2264115E4001682E3 /* Debug */ = {
			isa = XCBuildConfiguration;
			baseConfigurationReference = 99327FE56A5A72A887186244 /* Pods-calc.debug.xcconfig */;
			buildSettings = {
				ASSETCATALOG_COMPILER_APPICON_NAME = AppIcon;
				ASSETCATALOG_COMPILER_GLOBAL_ACCENT_COLOR_NAME = AccentColor;
				CODE_SIGN_STYLE = Automatic;
				DEVELOPMENT_TEAM = 6NG6Z2H92T;
				INFOPLIST_FILE = calc/Info.plist;
				LD_RUNPATH_SEARCH_PATHS = (
					"$(inherited)",
					"@executable_path/Frameworks",
				);
				PRODUCT_BUNDLE_IDENTIFIER = kant.calc;
				PRODUCT_NAME = "$(TARGET_NAME)";
				SWIFT_VERSION = 5.0;
				TARGETED_DEVICE_FAMILY = "1,2";
			};
			name = Debug;
		};
		13420BA3264115E4001682E3 /* Release */ = {
			isa = XCBuildConfiguration;
			baseConfigurationReference = AF6F0BB449BAD82ECCC0BA68 /* Pods-calc.release.xcconfig */;
			buildSettings = {
				ASSETCATALOG_COMPILER_APPICON_NAME = AppIcon;
				ASSETCATALOG_COMPILER_GLOBAL_ACCENT_COLOR_NAME = AccentColor;
				CODE_SIGN_STYLE = Automatic;
				DEVELOPMENT_TEAM = 6NG6Z2H92T;
				INFOPLIST_FILE = calc/Info.plist;
				LD_RUNPATH_SEARCH_PATHS = (
					"$(inherited)",
					"@executable_path/Frameworks",
				);
				PRODUCT_BUNDLE_IDENTIFIER = kant.calc;
				PRODUCT_NAME = "$(TARGET_NAME)";
				SWIFT_VERSION = 5.0;
				TARGETED_DEVICE_FAMILY = "1,2";
			};
			name = Release;
		};
/* End XCBuildConfiguration section */

/* Begin XCConfigurationList section */
		13420B88264115DD001682E3 /* Build configuration list for PBXProject "calc" */ = {
			isa = XCConfigurationList;
			buildConfigurations = (
				13420B9F264115E4001682E3 /* Debug */,
				13420BA0264115E4001682E3 /* Release */,
			);
			defaultConfigurationIsVisible = 0;
			defaultConfigurationName = Release;
		};
		13420BA1264115E4001682E3 /* Build configuration list for PBXNativeTarget "calc" */ = {
			isa = XCConfigurationList;
			buildConfigurations = (
				13420BA2264115E4001682E3 /* Debug */,
				13420BA3264115E4001682E3 /* Release */,
			);
			defaultConfigurationIsVisible = 0;
			defaultConfigurationName = Release;
		};
/* End XCConfigurationList section */
	};
	rootObject = 13420B85264115DD001682E3 /* Project object */;
}
