// !$*UTF8*$!
{
	archiveVersion = 1;
	classes = {
	};
	objectVersion = 50;
	objects = {

/* Begin PBXBuildFile section */
		9769D625D13D4030A02B6C47 /* Pods_StackView.framework in Frameworks */ = {isa = PBXBuildFile; fileRef = 2EA86286F47FEEAD89DEF629 /* Pods_StackView.framework */; };
		B77570D7263E3CAF008D2BBE /* AppDelegate.swift in Sources */ = {isa = PBXBuildFile; fileRef = B77570D6263E3CAF008D2BBE /* AppDelegate.swift */; };
		B77570D9263E3CAF008D2BBE /* SceneDelegate.swift in Sources */ = {isa = PBXBuildFile; fileRef = B77570D8263E3CAF008D2BBE /* SceneDelegate.swift */; };
		B77570DB263E3CAF008D2BBE /* ViewController.swift in Sources */ = {isa = PBXBuildFile; fileRef = B77570DA263E3CAF008D2BBE /* ViewController.swift */; };
		B77570DE263E3CAF008D2BBE /* Main.storyboard in Resources */ = {isa = PBXBuildFile; fileRef = B77570DC263E3CAF008D2BBE /* Main.storyboard */; };
		B77570E0263E3CB0008D2BBE /* Assets.xcassets in Resources */ = {isa = PBXBuildFile; fileRef = B77570DF263E3CB0008D2BBE /* Assets.xcassets */; };
		B77570E3263E3CB0008D2BBE /* LaunchScreen.storyboard in Resources */ = {isa = PBXBuildFile; fileRef = B77570E1263E3CB0008D2BBE /* LaunchScreen.storyboard */; };
		B77570EB263ED963008D2BBE /* CircleButton.swift in Sources */ = {isa = PBXBuildFile; fileRef = B77570EA263ED963008D2BBE /* CircleButton.swift */; };
/* End PBXBuildFile section */

/* Begin PBXFileReference section */
		2EA86286F47FEEAD89DEF629 /* Pods_StackView.framework */ = {isa = PBXFileReference; explicitFileType = wrapper.framework; includeInIndex = 0; path = Pods_StackView.framework; sourceTree = BUILT_PRODUCTS_DIR; };
		449E6122F8CC761F26495891 /* Pods-StackView.debug.xcconfig */ = {isa = PBXFileReference; includeInIndex = 1; lastKnownFileType = text.xcconfig; name = "Pods-StackView.debug.xcconfig"; path = "Target Support Files/Pods-StackView/Pods-StackView.debug.xcconfig"; sourceTree = "<group>"; };
		B07522BF77EB8572D52EB79E /* Pods-StackView.release.xcconfig */ = {isa = PBXFileReference; includeInIndex = 1; lastKnownFileType = text.xcconfig; name = "Pods-StackView.release.xcconfig"; path = "Target Support Files/Pods-StackView/Pods-StackView.release.xcconfig"; sourceTree = "<group>"; };
		B77570D3263E3CAF008D2BBE /* StackView.app */ = {isa = PBXFileReference; explicitFileType = wrapper.application; includeInIndex = 0; path = StackView.app; sourceTree = BUILT_PRODUCTS_DIR; };
		B77570D6263E3CAF008D2BBE /* AppDelegate.swift */ = {isa = PBXFileReference; lastKnownFileType = sourcecode.swift; path = AppDelegate.swift; sourceTree = "<group>"; };
		B77570D8263E3CAF008D2BBE /* SceneDelegate.swift */ = {isa = PBXFileReference; lastKnownFileType = sourcecode.swift; path = SceneDelegate.swift; sourceTree = "<group>"; };
		B77570DA263E3CAF008D2BBE /* ViewController.swift */ = {isa = PBXFileReference; lastKnownFileType = sourcecode.swift; path = ViewController.swift; sourceTree = "<group>"; };
		B77570DD263E3CAF008D2BBE /* Base */ = {isa = PBXFileReference; lastKnownFileType = file.storyboard; name = Base; path = Base.lproj/Main.storyboard; sourceTree = "<group>"; };
		B77570DF263E3CB0008D2BBE /* Assets.xcassets */ = {isa = PBXFileReference; lastKnownFileType = folder.assetcatalog; path = Assets.xcassets; sourceTree = "<group>"; };
		B77570E2263E3CB0008D2BBE /* Base */ = {isa = PBXFileReference; lastKnownFileType = file.storyboard; name = Base; path = Base.lproj/LaunchScreen.storyboard; sourceTree = "<group>"; };
		B77570E4263E3CB0008D2BBE /* Info.plist */ = {isa = PBXFileReference; lastKnownFileType = text.plist.xml; path = Info.plist; sourceTree = "<group>"; };
		B77570EA263ED963008D2BBE /* CircleButton.swift */ = {isa = PBXFileReference; lastKnownFileType = sourcecode.swift; path = CircleButton.swift; sourceTree = "<group>"; };
/* End PBXFileReference section */

/* Begin PBXFrameworksBuildPhase section */
		B77570D0263E3CAF008D2BBE /* Frameworks */ = {
			isa = PBXFrameworksBuildPhase;
			buildActionMask = 2147483647;
			files = (
				9769D625D13D4030A02B6C47 /* Pods_StackView.framework in Frameworks */,
			);
			runOnlyForDeploymentPostprocessing = 0;
		};
/* End PBXFrameworksBuildPhase section */

/* Begin PBXGroup section */
		09584B015D3F4531AA39E43E /* Frameworks */ = {
			isa = PBXGroup;
			children = (
				2EA86286F47FEEAD89DEF629 /* Pods_StackView.framework */,
			);
			name = Frameworks;
			sourceTree = "<group>";
		};
		572D2C16E2898A6FA668824C /* Pods */ = {
			isa = PBXGroup;
			children = (
				449E6122F8CC761F26495891 /* Pods-StackView.debug.xcconfig */,
				B07522BF77EB8572D52EB79E /* Pods-StackView.release.xcconfig */,
			);
			name = Pods;
			path = Pods;
			sourceTree = "<group>";
		};
		B77570CA263E3CAF008D2BBE = {
			isa = PBXGroup;
			children = (
				B77570D5263E3CAF008D2BBE /* StackView */,
				B77570D4263E3CAF008D2BBE /* Products */,
				572D2C16E2898A6FA668824C /* Pods */,
				09584B015D3F4531AA39E43E /* Frameworks */,
			);
			sourceTree = "<group>";
		};
		B77570D4263E3CAF008D2BBE /* Products */ = {
			isa = PBXGroup;
			children = (
				B77570D3263E3CAF008D2BBE /* StackView.app */,
			);
			name = Products;
			sourceTree = "<group>";
		};
		B77570D5263E3CAF008D2BBE /* StackView */ = {
			isa = PBXGroup;
			children = (
				B77570D6263E3CAF008D2BBE /* AppDelegate.swift */,
				B77570D8263E3CAF008D2BBE /* SceneDelegate.swift */,
				B77570DA263E3CAF008D2BBE /* ViewController.swift */,
				B77570DC263E3CAF008D2BBE /* Main.storyboard */,
				B77570EA263ED963008D2BBE /* CircleButton.swift */,
				B77570DF263E3CB0008D2BBE /* Assets.xcassets */,
				B77570E1263E3CB0008D2BBE /* LaunchScreen.storyboard */,
				B77570E4263E3CB0008D2BBE /* Info.plist */,
			);
			path = StackView;
			sourceTree = "<group>";
		};
/* End PBXGroup section */

/* Begin PBXNativeTarget section */
		B77570D2263E3CAF008D2BBE /* StackView */ = {
			isa = PBXNativeTarget;
			buildConfigurationList = B77570E7263E3CB0008D2BBE /* Build configuration list for PBXNativeTarget "StackView" */;
			buildPhases = (
				6C3202113218E60024AADAD9 /* [CP] Check Pods Manifest.lock */,
				B77570CF263E3CAF008D2BBE /* Sources */,
				B77570D0263E3CAF008D2BBE /* Frameworks */,
				B77570D1263E3CAF008D2BBE /* Resources */,
			);
			buildRules = (
			);
			dependencies = (
			);
			name = StackView;
			productName = StackView;
			productReference = B77570D3263E3CAF008D2BBE /* StackView.app */;
			productType = "com.apple.product-type.application";
		};
/* End PBXNativeTarget section */

/* Begin PBXProject section */
		B77570CB263E3CAF008D2BBE /* Project object */ = {
			isa = PBXProject;
			attributes = {
				LastSwiftUpdateCheck = 1250;
				LastUpgradeCheck = 1250;
				TargetAttributes = {
					B77570D2263E3CAF008D2BBE = {
						CreatedOnToolsVersion = 12.5;
					};
				};
			};
			buildConfigurationList = B77570CE263E3CAF008D2BBE /* Build configuration list for PBXProject "StackView" */;
			compatibilityVersion = "Xcode 9.3";
			developmentRegion = en;
			hasScannedForEncodings = 0;
			knownRegions = (
				en,
				Base,
			);
			mainGroup = B77570CA263E3CAF008D2BBE;
			productRefGroup = B77570D4263E3CAF008D2BBE /* Products */;
			projectDirPath = "";
			projectRoot = "";
			targets = (
				B77570D2263E3CAF008D2BBE /* StackView */,
			);
		};
/* End PBXProject section */

/* Begin PBXResourcesBuildPhase section */
		B77570D1263E3CAF008D2BBE /* Resources */ = {
			isa = PBXResourcesBuildPhase;
			buildActionMask = 2147483647;
			files = (
				B77570E3263E3CB0008D2BBE /* LaunchScreen.storyboard in Resources */,
				B77570E0263E3CB0008D2BBE /* Assets.xcassets in Resources */,
				B77570DE263E3CAF008D2BBE /* Main.storyboard in Resources */,
			);
			runOnlyForDeploymentPostprocessing = 0;
		};
/* End PBXResourcesBuildPhase section */

/* Begin PBXShellScriptBuildPhase section */
		6C3202113218E60024AADAD9 /* [CP] Check Pods Manifest.lock */ = {
			isa = PBXShellScriptBuildPhase;
			buildActionMask = 2147483647;
			files = (
			);
			inputFileListPaths = (
			);
			inputPaths = (
				"${PODS_PODFILE_DIR_PATH}/Podfile.lock",
				"${PODS_ROOT}/Manifest.lock",
			);
			name = "[CP] Check Pods Manifest.lock";
			outputFileListPaths = (
			);
			outputPaths = (
				"$(DERIVED_FILE_DIR)/Pods-StackView-checkManifestLockResult.txt",
			);
			runOnlyForDeploymentPostprocessing = 0;
			shellPath = /bin/sh;
			shellScript = "diff \"${PODS_PODFILE_DIR_PATH}/Podfile.lock\" \"${PODS_ROOT}/Manifest.lock\" > /dev/null\nif [ $? != 0 ] ; then\n    # print error to STDERR\n    echo \"error: The sandbox is not in sync with the Podfile.lock. Run 'pod install' or update your CocoaPods installation.\" >&2\n    exit 1\nfi\n# This output is used by Xcode 'outputs' to avoid re-running this script phase.\necho \"SUCCESS\" > \"${SCRIPT_OUTPUT_FILE_0}\"\n";
			showEnvVarsInLog = 0;
		};
/* End PBXShellScriptBuildPhase section */

/* Begin PBXSourcesBuildPhase section */
		B77570CF263E3CAF008D2BBE /* Sources */ = {
			isa = PBXSourcesBuildPhase;
			buildActionMask = 2147483647;
			files = (
				B77570DB263E3CAF008D2BBE /* ViewController.swift in Sources */,
				B77570D7263E3CAF008D2BBE /* AppDelegate.swift in Sources */,
				B77570D9263E3CAF008D2BBE /* SceneDelegate.swift in Sources */,
				B77570EB263ED963008D2BBE /* CircleButton.swift in Sources */,
			);
			runOnlyForDeploymentPostprocessing = 0;
		};
/* End PBXSourcesBuildPhase section */

/* Begin PBXVariantGroup section */
		B77570DC263E3CAF008D2BBE /* Main.storyboard */ = {
			isa = PBXVariantGroup;
			children = (
				B77570DD263E3CAF008D2BBE /* Base */,
			);
			name = Main.storyboard;
			sourceTree = "<group>";
		};
		B77570E1263E3CB0008D2BBE /* LaunchScreen.storyboard */ = {
			isa = PBXVariantGroup;
			children = (
				B77570E2263E3CB0008D2BBE /* Base */,
			);
			name = LaunchScreen.storyboard;
			sourceTree = "<group>";
		};
/* End PBXVariantGroup section */

/* Begin XCBuildConfiguration section */
		B77570E5263E3CB0008D2BBE /* Debug */ = {
			isa = XCBuildConfiguration;
			buildSettings = {
				ALWAYS_SEARCH_USER_PATHS = NO;
				CLANG_ANALYZER_NONNULL = YES;
				CLANG_ANALYZER_NUMBER_OBJECT_CONVERSION = YES_AGGRESSIVE;
				CLANG_CXX_LANGUAGE_STANDARD = "gnu++14";
				CLANG_CXX_LIBRARY = "libc++";
				CLANG_ENABLE_MODULES = YES;
				CLANG_ENABLE_OBJC_ARC = YES;
				CLANG_ENABLE_OBJC_WEAK = YES;
				CLANG_WARN_BLOCK_CAPTURE_AUTORELEASING = YES;
				CLANG_WARN_BOOL_CONVERSION = YES;
				CLANG_WARN_COMMA = YES;
				CLANG_WARN_CONSTANT_CONVERSION = YES;
				CLANG_WARN_DEPRECATED_OBJC_IMPLEMENTATIONS = YES;
				CLANG_WARN_DIRECT_OBJC_ISA_USAGE = YES_ERROR;
				CLANG_WARN_DOCUMENTATION_COMMENTS = YES;
				CLANG_WARN_EMPTY_BODY = YES;
				CLANG_WARN_ENUM_CONVERSION = YES;
				CLANG_WARN_INFINITE_RECURSION = YES;
				CLANG_WARN_INT_CONVERSION = YES;
				CLANG_WARN_NON_LITERAL_NULL_CONVERSION = YES;
				CLANG_WARN_OBJC_IMPLICIT_RETAIN_SELF = YES;
				CLANG_WARN_OBJC_LITERAL_CONVERSION = YES;
				CLANG_WARN_OBJC_ROOT_CLASS = YES_ERROR;
				CLANG_WARN_QUOTED_INCLUDE_IN_FRAMEWORK_HEADER = YES;
				CLANG_WARN_RANGE_LOOP_ANALYSIS = YES;
				CLANG_WARN_STRICT_PROTOTYPES = YES;
				CLANG_WARN_SUSPICIOUS_MOVE = YES;
				CLANG_WARN_UNGUARDED_AVAILABILITY = YES_AGGRESSIVE;
				CLANG_WARN_UNREACHABLE_CODE = YES;
				CLANG_WARN__DUPLICATE_METHOD_MATCH = YES;
				COPY_PHASE_STRIP = NO;
				DEBUG_INFORMATION_FORMAT = dwarf;
				ENABLE_STRICT_OBJC_MSGSEND = YES;
				ENABLE_TESTABILITY = YES;
				GCC_C_LANGUAGE_STANDARD = gnu11;
				GCC_DYNAMIC_NO_PIC = NO;
				GCC_NO_COMMON_BLOCKS = YES;
				GCC_OPTIMIZATION_LEVEL = 0;
				GCC_PREPROCESSOR_DEFINITIONS = (
					"DEBUG=1",
					"$(inherited)",
				);
				GCC_WARN_64_TO_32_BIT_CONVERSION = YES;
				GCC_WARN_ABOUT_RETURN_TYPE = YES_ERROR;
				GCC_WARN_UNDECLARED_SELECTOR = YES;
				GCC_WARN_UNINITIALIZED_AUTOS = YES_AGGRESSIVE;
				GCC_WARN_UNUSED_FUNCTION = YES;
				GCC_WARN_UNUSED_VARIABLE = YES;
				IPHONEOS_DEPLOYMENT_TARGET = 14.5;
				MTL_ENABLE_DEBUG_INFO = INCLUDE_SOURCE;
				MTL_FAST_MATH = YES;
				ONLY_ACTIVE_ARCH = YES;
				SDKROOT = iphoneos;
				SWIFT_ACTIVE_COMPILATION_CONDITIONS = DEBUG;
				SWIFT_OPTIMIZATION_LEVEL = "-Onone";
			};
			name = Debug;
		};
		B77570E6263E3CB0008D2BBE /* Release */ = {
			isa = XCBuildConfiguration;
			buildSettings = {
				ALWAYS_SEARCH_USER_PATHS = NO;
				CLANG_ANALYZER_NONNULL = YES;
				CLANG_ANALYZER_NUMBER_OBJECT_CONVERSION = YES_AGGRESSIVE;
				CLANG_CXX_LANGUAGE_STANDARD = "gnu++14";
				CLANG_CXX_LIBRARY = "libc++";
				CLANG_ENABLE_MODULES = YES;
				CLANG_ENABLE_OBJC_ARC = YES;
				CLANG_ENABLE_OBJC_WEAK = YES;
				CLANG_WARN_BLOCK_CAPTURE_AUTORELEASING = YES;
				CLANG_WARN_BOOL_CONVERSION = YES;
				CLANG_WARN_COMMA = YES;
				CLANG_WARN_CONSTANT_CONVERSION = YES;
				CLANG_WARN_DEPRECATED_OBJC_IMPLEMENTATIONS = YES;
				CLANG_WARN_DIRECT_OBJC_ISA_USAGE = YES_ERROR;
				CLANG_WARN_DOCUMENTATION_COMMENTS = YES;
				CLANG_WARN_EMPTY_BODY = YES;
				CLANG_WARN_ENUM_CONVERSION = YES;
				CLANG_WARN_INFINITE_RECURSION = YES;
				CLANG_WARN_INT_CONVERSION = YES;
				CLANG_WARN_NON_LITERAL_NULL_CONVERSION = YES;
				CLANG_WARN_OBJC_IMPLICIT_RETAIN_SELF = YES;
				CLANG_WARN_OBJC_LITERAL_CONVERSION = YES;
				CLANG_WARN_OBJC_ROOT_CLASS = YES_ERROR;
				CLANG_WARN_QUOTED_INCLUDE_IN_FRAMEWORK_HEADER = YES;
				CLANG_WARN_RANGE_LOOP_ANALYSIS = YES;
				CLANG_WARN_STRICT_PROTOTYPES = YES;
				CLANG_WARN_SUSPICIOUS_MOVE = YES;
				CLANG_WARN_UNGUARDED_AVAILABILITY = YES_AGGRESSIVE;
				CLANG_WARN_UNREACHABLE_CODE = YES;
				CLANG_WARN__DUPLICATE_METHOD_MATCH = YES;
				COPY_PHASE_STRIP = NO;
				DEBUG_INFORMATION_FORMAT = "dwarf-with-dsym";
				ENABLE_NS_ASSERTIONS = NO;
				ENABLE_STRICT_OBJC_MSGSEND = YES;
				GCC_C_LANGUAGE_STANDARD = gnu11;
				GCC_NO_COMMON_BLOCKS = YES;
				GCC_WARN_64_TO_32_BIT_CONVERSION = YES;
				GCC_WARN_ABOUT_RETURN_TYPE = YES_ERROR;
				GCC_WARN_UNDECLARED_SELECTOR = YES;
				GCC_WARN_UNINITIALIZED_AUTOS = YES_AGGRESSIVE;
				GCC_WARN_UNUSED_FUNCTION = YES;
				GCC_WARN_UNUSED_VARIABLE = YES;
				IPHONEOS_DEPLOYMENT_TARGET = 14.5;
				MTL_ENABLE_DEBUG_INFO = NO;
				MTL_FAST_MATH = YES;
				SDKROOT = iphoneos;
				SWIFT_COMPILATION_MODE = wholemodule;
				SWIFT_OPTIMIZATION_LEVEL = "-O";
				VALIDATE_PRODUCT = YES;
			};
			name = Release;
		};
		B77570E8263E3CB0008D2BBE /* Debug */ = {
			isa = XCBuildConfiguration;
			baseConfigurationReference = 449E6122F8CC761F26495891 /* Pods-StackView.debug.xcconfig */;
			buildSettings = {
				ASSETCATALOG_COMPILER_APPICON_NAME = AppIcon;
				ASSETCATALOG_COMPILER_GLOBAL_ACCENT_COLOR_NAME = AccentColor;
				CODE_SIGN_STYLE = Automatic;
				DEVELOPMENT_TEAM = 4Y2567YJY8;
				INFOPLIST_FILE = StackView/Info.plist;
				LD_RUNPATH_SEARCH_PATHS = (
					"$(inherited)",
					"@executable_path/Frameworks",
				);
				PRODUCT_BUNDLE_IDENTIFIER = kant.StackView;
				PRODUCT_NAME = "$(TARGET_NAME)";
				SWIFT_VERSION = 5.0;
				TARGETED_DEVICE_FAMILY = "1,2";
			};
			name = Debug;
		};
		B77570E9263E3CB0008D2BBE /* Release */ = {
			isa = XCBuildConfiguration;
			baseConfigurationReference = B07522BF77EB8572D52EB79E /* Pods-StackView.release.xcconfig */;
			buildSettings = {
				ASSETCATALOG_COMPILER_APPICON_NAME = AppIcon;
				ASSETCATALOG_COMPILER_GLOBAL_ACCENT_COLOR_NAME = AccentColor;
				CODE_SIGN_STYLE = Automatic;
				DEVELOPMENT_TEAM = 4Y2567YJY8;
				INFOPLIST_FILE = StackView/Info.plist;
				LD_RUNPATH_SEARCH_PATHS = (
					"$(inherited)",
					"@executable_path/Frameworks",
				);
				PRODUCT_BUNDLE_IDENTIFIER = kant.StackView;
				PRODUCT_NAME = "$(TARGET_NAME)";
				SWIFT_VERSION = 5.0;
				TARGETED_DEVICE_FAMILY = "1,2";
			};
			name = Release;
		};
/* End XCBuildConfiguration section */

/* Begin XCConfigurationList section */
		B77570CE263E3CAF008D2BBE /* Build configuration list for PBXProject "StackView" */ = {
			isa = XCConfigurationList;
			buildConfigurations = (
				B77570E5263E3CB0008D2BBE /* Debug */,
				B77570E6263E3CB0008D2BBE /* Release */,
			);
			defaultConfigurationIsVisible = 0;
			defaultConfigurationName = Release;
		};
		B77570E7263E3CB0008D2BBE /* Build configuration list for PBXNativeTarget "StackView" */ = {
			isa = XCConfigurationList;
			buildConfigurations = (
				B77570E8263E3CB0008D2BBE /* Debug */,
				B77570E9263E3CB0008D2BBE /* Release */,
			);
			defaultConfigurationIsVisible = 0;
			defaultConfigurationName = Release;
		};
/* End XCConfigurationList section */
	};
	rootObject = B77570CB263E3CAF008D2BBE /* Project object */;
}
